
Microsoft Visual Studio Solution File, Format Version 11.00
# Visual Studio 2010
# SharpDevelop 4.3
Project("{FAE04EC0-301F-11D3-BF4B-00C04F79EFBC}") = "MonophonicCodes", "MonophonicCodes.csproj", "{94CC7CDD-EB2A-4B05-AB8B-8CA84B5B555D}"
EndProject
Global
	GlobalSection(SolutionConfigurationPlatforms) = preSolution
		Debug|Any CPU = Debug|Any CPU
		Release|Any CPU = Release|Any CPU
	EndGlobalSection
	GlobalSection(ProjectConfigurationPlatforms) = postSolution
		{94CC7CDD-EB2A-4B05-AB8B-8CA84B5B555D}.Debug|Any CPU.Build.0 = Debug|Any CPU
		{94CC7CDD-EB2A-4B05-AB8B-8CA84B5B555D}.Debug|Any CPU.ActiveCfg = Debug|Any CPU
		{94CC7CDD-EB2A-4B05-AB8B-8CA84B5B555D}.Release|Any CPU.Build.0 = Release|Any CPU
		{94CC7CDD-EB2A-4B05-AB8B-8CA84B5B555D}.Release|Any CPU.ActiveCfg = Release|Any CPU
	EndGlobalSection
EndGlobal
